
Microsoft Visual Studio Solution File, Format Version 12.00
# Visual Studio Version 16
VisualStudioVersion = 16.0.33214.272
MinimumVisualStudioVersion = 10.0.40219.1
Project("{FAE04EC0-301F-11D3-BF4B-00C04F79EFBC}") = "prjLojaCarros", "prjLojaCarros\prjLojaCarros.csproj", "{2ACC990E-02E7-4DA6-9E7B-724872EBAA89}"
EndProject
Global
	GlobalSection(SolutionConfigurationPlatforms) = preSolution
		Debug|Any CPU = Debug|Any CPU
		Release|Any CPU = Release|Any CPU
	EndGlobalSection
	GlobalSection(ProjectConfigurationPlatforms) = postSolution
		{2ACC990E-02E7-4DA6-9E7B-724872EBAA89}.Debug|Any CPU.ActiveCfg = Debug|Any CPU
		{2ACC990E-02E7-4DA6-9E7B-724872EBAA89}.Debug|Any CPU.Build.0 = Debug|Any CPU
		{2ACC990E-02E7-4DA6-9E7B-724872EBAA89}.Release|Any CPU.ActiveCfg = Release|Any CPU
		{2ACC990E-02E7-4DA6-9E7B-724872EBAA89}.Release|Any CPU.Build.0 = Release|Any CPU
	EndGlobalSection
	GlobalSection(SolutionProperties) = preSolution
		HideSolutionNode = FALSE
	EndGlobalSection
	GlobalSection(ExtensibilityGlobals) = postSolution
		SolutionGuid = {496AE4DC-D4AA-4AA7-AB85-48759CDA559C}
	EndGlobalSection
EndGlobal
